<?xml version="1.0" encoding="utf-8"?>
<Project ToolsVersion="4.0" xmlns="http://schemas.microsoft.com/developer/msbuild/2003">
  <ItemGroup>
    <ClInclude Include="lvgl\lv_conf_template.h">
      <Filter>lvgl</Filter>
    </ClInclude>
    <ClInclude Include="lvgl\lvgl.h">
      <Filter>lvgl</Filter>
    </ClInclude>
    <ClInclude Include="lvgl\src\lv_core\lv_disp.h">
      <Filter>lvgl\src\lv_core</Filter>
    </ClInclude>
    <ClInclude Include="lvgl\src\lv_core\lv_group.h">
      <Filter>lvgl\src\lv_core</Filter>
    </ClInclude>
    <ClInclude Include="lvgl\src\lv_core\lv_indev.h">
      <Filter>lvgl\src\lv_core</Filter>
    </ClInclude>
    <ClInclude Include="lvgl\src\lv_core\lv_obj.h">
      <Filter>lvgl\src\lv_core</Filter>
    </ClInclude>
    <ClInclude Include="lvgl\src\lv_core\lv_obj_style_dec.h">
      <Filter>lvgl\src\lv_core</Filter>
    </ClInclude>
    <ClInclude Include="lvgl\src\lv_core\lv_refr.h">
      <Filter>lvgl\src\lv_core</Filter>
    </ClInclude>
    <ClInclude Include="lvgl\src\lv_core\lv_style.h">
      <Filter>lvgl\src\lv_core</Filter>
    </ClInclude>
    <ClInclude Include="lvgl\src\lv_draw\lv_draw.h">
      <Filter>lvgl\src\lv_draw</Filter>
    </ClInclude>
    <ClInclude Include="lvgl\src\lv_draw\lv_draw_arc.h">
      <Filter>lvgl\src\lv_draw</Filter>
    </ClInclude>
    <ClInclude Include="lvgl\src\lv_draw\lv_draw_blend.h">
      <Filter>lvgl\src\lv_draw</Filter>
    </ClInclude>
    <ClInclude Include="lvgl\src\lv_draw\lv_draw_img.h">
      <Filter>lvgl\src\lv_draw</Filter>
    </ClInclude>
    <ClInclude Include="lvgl\src\lv_draw\lv_draw_label.h">
      <Filter>lvgl\src\lv_draw</Filter>
    </ClInclude>
    <ClInclude Include="lvgl\src\lv_draw\lv_draw_line.h">
      <Filter>lvgl\src\lv_draw</Filter>
    </ClInclude>
    <ClInclude Include="lvgl\src\lv_draw\lv_draw_mask.h">
      <Filter>lvgl\src\lv_draw</Filter>
    </ClInclude>
    <ClInclude Include="lvgl\src\lv_draw\lv_draw_rect.h">
      <Filter>lvgl\src\lv_draw</Filter>
    </ClInclude>
    <ClInclude Include="lvgl\src\lv_draw\lv_draw_triangle.h">
      <Filter>lvgl\src\lv_draw</Filter>
    </ClInclude>
    <ClInclude Include="lvgl\src\lv_draw\lv_img_buf.h">
      <Filter>lvgl\src\lv_draw</Filter>
    </ClInclude>
    <ClInclude Include="lvgl\src\lv_draw\lv_img_cache.h">
      <Filter>lvgl\src\lv_draw</Filter>
    </ClInclude>
    <ClInclude Include="lvgl\src\lv_draw\lv_img_decoder.h">
      <Filter>lvgl\src\lv_draw</Filter>
    </ClInclude>
    <ClInclude Include="lvgl\src\lv_font\lv_font.h">
      <Filter>lvgl\src\lv_font</Filter>
    </ClInclude>
    <ClInclude Include="lvgl\src\lv_font\lv_font_fmt_txt.h">
      <Filter>lvgl\src\lv_font</Filter>
    </ClInclude>
    <ClInclude Include="lvgl\src\lv_font\lv_font_loader.h">
      <Filter>lvgl\src\lv_font</Filter>
    </ClInclude>
    <ClInclude Include="lvgl\src\lv_font\lv_symbol_def.h">
      <Filter>lvgl\src\lv_font</Filter>
    </ClInclude>
    <ClInclude Include="lvgl\src\lv_gpu\lv_gpu_nxp_pxp.h">
      <Filter>lvgl\src\lv_gpu</Filter>
    </ClInclude>
    <ClInclude Include="lvgl\src\lv_gpu\lv_gpu_nxp_pxp_osa.h">
      <Filter>lvgl\src\lv_gpu</Filter>
    </ClInclude>
    <ClInclude Include="lvgl\src\lv_gpu\lv_gpu_nxp_vglite.h">
      <Filter>lvgl\src\lv_gpu</Filter>
    </ClInclude>
    <ClInclude Include="lvgl\src\lv_gpu\lv_gpu_stm32_dma2d.h">
      <Filter>lvgl\src\lv_gpu</Filter>
    </ClInclude>
    <ClInclude Include="lvgl\src\lv_hal\lv_hal.h">
      <Filter>lvgl\src\lv_hal</Filter>
    </ClInclude>
    <ClInclude Include="lvgl\src\lv_hal\lv_hal_disp.h">
      <Filter>lvgl\src\lv_hal</Filter>
    </ClInclude>
    <ClInclude Include="lvgl\src\lv_hal\lv_hal_indev.h">
      <Filter>lvgl\src\lv_hal</Filter>
    </ClInclude>
    <ClInclude Include="lvgl\src\lv_hal\lv_hal_tick.h">
      <Filter>lvgl\src\lv_hal</Filter>
    </ClInclude>
    <ClInclude Include="lvgl\src\lv_misc\lv_anim.h">
      <Filter>lvgl\src\lv_misc</Filter>
    </ClInclude>
    <ClInclude Include="lvgl\src\lv_misc\lv_area.h">
      <Filter>lvgl\src\lv_misc</Filter>
    </ClInclude>
    <ClInclude Include="lvgl\src\lv_misc\lv_async.h">
      <Filter>lvgl\src\lv_misc</Filter>
    </ClInclude>
    <ClInclude Include="lvgl\src\lv_misc\lv_bidi.h">
      <Filter>lvgl\src\lv_misc</Filter>
    </ClInclude>
    <ClInclude Include="lvgl\src\lv_misc\lv_color.h">
      <Filter>lvgl\src\lv_misc</Filter>
    </ClInclude>
    <ClInclude Include="lvgl\src\lv_misc\lv_debug.h">
      <Filter>lvgl\src\lv_misc</Filter>
    </ClInclude>
    <ClInclude Include="lvgl\src\lv_misc\lv_fs.h">
      <Filter>lvgl\src\lv_misc</Filter>
    </ClInclude>
    <ClInclude Include="lvgl\src\lv_misc\lv_gc.h">
      <Filter>lvgl\src\lv_misc</Filter>
    </ClInclude>
    <ClInclude Include="lvgl\src\lv_misc\lv_ll.h">
      <Filter>lvgl\src\lv_misc</Filter>
    </ClInclude>
    <ClInclude Include="lvgl\src\lv_misc\lv_log.h">
      <Filter>lvgl\src\lv_misc</Filter>
    </ClInclude>
    <ClInclude Include="lvgl\src\lv_misc\lv_math.h">
      <Filter>lvgl\src\lv_misc</Filter>
    </ClInclude>
    <ClInclude Include="lvgl\src\lv_misc\lv_mem.h">
      <Filter>lvgl\src\lv_misc</Filter>
    </ClInclude>
    <ClInclude Include="lvgl\src\lv_misc\lv_printf.h">
      <Filter>lvgl\src\lv_misc</Filter>
    </ClInclude>
    <ClInclude Include="lvgl\src\lv_misc\lv_task.h">
      <Filter>lvgl\src\lv_misc</Filter>
    </ClInclude>
    <ClInclude Include="lvgl\src\lv_misc\lv_templ.h">
      <Filter>lvgl\src\lv_misc</Filter>
    </ClInclude>
    <ClInclude Include="lvgl\src\lv_misc\lv_txt.h">
      <Filter>lvgl\src\lv_misc</Filter>
    </ClInclude>
    <ClInclude Include="lvgl\src\lv_misc\lv_txt_ap.h">
      <Filter>lvgl\src\lv_misc</Filter>
    </ClInclude>
    <ClInclude Include="lvgl\src\lv_misc\lv_types.h">
      <Filter>lvgl\src\lv_misc</Filter>
    </ClInclude>
    <ClInclude Include="lvgl\src\lv_misc\lv_utils.h">
      <Filter>lvgl\src\lv_misc</Filter>
    </ClInclude>
    <ClInclude Include="lvgl\src\lv_themes\lv_theme.h">
      <Filter>lvgl\src\lv_themes</Filter>
    </ClInclude>
    <ClInclude Include="lvgl\src\lv_themes\lv_theme_empty.h">
      <Filter>lvgl\src\lv_themes</Filter>
    </ClInclude>
    <ClInclude Include="lvgl\src\lv_themes\lv_theme_material.h">
      <Filter>lvgl\src\lv_themes</Filter>
    </ClInclude>
    <ClInclude Include="lvgl\src\lv_themes\lv_theme_mono.h">
      <Filter>lvgl\src\lv_themes</Filter>
    </ClInclude>
    <ClInclude Include="lvgl\src\lv_themes\lv_theme_template.h">
      <Filter>lvgl\src\lv_themes</Filter>
    </ClInclude>
    <ClInclude Include="lvgl\src\lv_widgets\lv_arc.h">
      <Filter>lvgl\src\lv_widgets</Filter>
    </ClInclude>
    <ClInclude Include="lvgl\src\lv_widgets\lv_bar.h">
      <Filter>lvgl\src\lv_widgets</Filter>
    </ClInclude>
    <ClInclude Include="lvgl\src\lv_widgets\lv_btn.h">
      <Filter>lvgl\src\lv_widgets</Filter>
    </ClInclude>
    <ClInclude Include="lvgl\src\lv_widgets\lv_btnmatrix.h">
      <Filter>lvgl\src\lv_widgets</Filter>
    </ClInclude>
    <ClInclude Include="lvgl\src\lv_widgets\lv_calendar.h">
      <Filter>lvgl\src\lv_widgets</Filter>
    </ClInclude>
    <ClInclude Include="lvgl\src\lv_widgets\lv_canvas.h">
      <Filter>lvgl\src\lv_widgets</Filter>
    </ClInclude>
    <ClInclude Include="lvgl\src\lv_widgets\lv_chart.h">
      <Filter>lvgl\src\lv_widgets</Filter>
    </ClInclude>
    <ClInclude Include="lvgl\src\lv_widgets\lv_checkbox.h">
      <Filter>lvgl\src\lv_widgets</Filter>
    </ClInclude>
    <ClInclude Include="lvgl\src\lv_widgets\lv_cont.h">
      <Filter>lvgl\src\lv_widgets</Filter>
    </ClInclude>
    <ClInclude Include="lvgl\src\lv_widgets\lv_cpicker.h">
      <Filter>lvgl\src\lv_widgets</Filter>
    </ClInclude>
    <ClInclude Include="lvgl\src\lv_widgets\lv_dropdown.h">
      <Filter>lvgl\src\lv_widgets</Filter>
    </ClInclude>
    <ClInclude Include="lvgl\src\lv_widgets\lv_gauge.h">
      <Filter>lvgl\src\lv_widgets</Filter>
    </ClInclude>
    <ClInclude Include="lvgl\src\lv_widgets\lv_img.h">
      <Filter>lvgl\src\lv_widgets</Filter>
    </ClInclude>
    <ClInclude Include="lvgl\src\lv_widgets\lv_imgbtn.h">
      <Filter>lvgl\src\lv_widgets</Filter>
    </ClInclude>
    <ClInclude Include="lvgl\src\lv_widgets\lv_keyboard.h">
      <Filter>lvgl\src\lv_widgets</Filter>
    </ClInclude>
    <ClInclude Include="lvgl\src\lv_widgets\lv_label.h">
      <Filter>lvgl\src\lv_widgets</Filter>
    </ClInclude>
    <ClInclude Include="lvgl\src\lv_widgets\lv_led.h">
      <Filter>lvgl\src\lv_widgets</Filter>
    </ClInclude>
    <ClInclude Include="lvgl\src\lv_widgets\lv_line.h">
      <Filter>lvgl\src\lv_widgets</Filter>
    </ClInclude>
    <ClInclude Include="lvgl\src\lv_widgets\lv_linemeter.h">
      <Filter>lvgl\src\lv_widgets</Filter>
    </ClInclude>
    <ClInclude Include="lvgl\src\lv_widgets\lv_list.h">
      <Filter>lvgl\src\lv_widgets</Filter>
    </ClInclude>
    <ClInclude Include="lvgl\src\lv_widgets\lv_msgbox.h">
      <Filter>lvgl\src\lv_widgets</Filter>
    </ClInclude>
    <ClInclude Include="lvgl\src\lv_widgets\lv_objmask.h">
      <Filter>lvgl\src\lv_widgets</Filter>
    </ClInclude>
    <ClInclude Include="lvgl\src\lv_widgets\lv_objx_templ.h">
      <Filter>lvgl\src\lv_widgets</Filter>
    </ClInclude>
    <ClInclude Include="lvgl\src\lv_widgets\lv_page.h">
      <Filter>lvgl\src\lv_widgets</Filter>
    </ClInclude>
    <ClInclude Include="lvgl\src\lv_widgets\lv_roller.h">
      <Filter>lvgl\src\lv_widgets</Filter>
    </ClInclude>
    <ClInclude Include="lvgl\src\lv_widgets\lv_slider.h">
      <Filter>lvgl\src\lv_widgets</Filter>
    </ClInclude>
    <ClInclude Include="lvgl\src\lv_widgets\lv_spinbox.h">
      <Filter>lvgl\src\lv_widgets</Filter>
    </ClInclude>
    <ClInclude Include="lvgl\src\lv_widgets\lv_spinner.h">
      <Filter>lvgl\src\lv_widgets</Filter>
    </ClInclude>
    <ClInclude Include="lvgl\src\lv_widgets\lv_switch.h">
      <Filter>lvgl\src\lv_widgets</Filter>
    </ClInclude>
    <ClInclude Include="lvgl\src\lv_widgets\lv_table.h">
      <Filter>lvgl\src\lv_widgets</Filter>
    </ClInclude>
    <ClInclude Include="lvgl\src\lv_widgets\lv_tabview.h">
      <Filter>lvgl\src\lv_widgets</Filter>
    </ClInclude>
    <ClInclude Include="lvgl\src\lv_widgets\lv_textarea.h">
      <Filter>lvgl\src\lv_widgets</Filter>
    </ClInclude>
    <ClInclude Include="lvgl\src\lv_widgets\lv_tileview.h">
      <Filter>lvgl\src\lv_widgets</Filter>
    </ClInclude>
    <ClInclude Include="lvgl\src\lv_widgets\lv_win.h">
      <Filter>lvgl\src\lv_widgets</Filter>
    </ClInclude>
    <ClInclude Include="lvgl\src\lv_api_map.h">
      <Filter>lvgl\src</Filter>
    </ClInclude>
    <ClInclude Include="lvgl\src\lv_conf_internal.h">
      <Filter>lvgl\src</Filter>
    </ClInclude>
    <ClInclude Include="lvgl\src\lv_conf_kconfig.h">
      <Filter>lvgl\src</Filter>
    </ClInclude>
    <ClInclude Include="lvgl\src\lvgl.h">
      <Filter>lvgl\src</Filter>
    </ClInclude>
    <ClInclude Include="lv_conf.h" />
  </ItemGroup>
  <ItemGroup>
    <ClCompile Include="lvgl\src\lv_core\lv_disp.c">
      <Filter>lvgl\src\lv_core</Filter>
    </ClCompile>
    <ClCompile Include="lvgl\src\lv_core\lv_group.c">
      <Filter>lvgl\src\lv_core</Filter>
    </ClCompile>
    <ClCompile Include="lvgl\src\lv_core\lv_indev.c">
      <Filter>lvgl\src\lv_core</Filter>
    </ClCompile>
    <ClCompile Include="lvgl\src\lv_core\lv_obj.c">
      <Filter>lvgl\src\lv_core</Filter>
    </ClCompile>
    <ClCompile Include="lvgl\src\lv_core\lv_refr.c">
      <Filter>lvgl\src\lv_core</Filter>
    </ClCompile>
    <ClCompile Include="lvgl\src\lv_core\lv_style.c">
      <Filter>lvgl\src\lv_core</Filter>
    </ClCompile>
    <ClCompile Include="lvgl\src\lv_draw\lv_draw_arc.c">
      <Filter>lvgl\src\lv_draw</Filter>
    </ClCompile>
    <ClCompile Include="lvgl\src\lv_draw\lv_draw_blend.c">
      <Filter>lvgl\src\lv_draw</Filter>
    </ClCompile>
    <ClCompile Include="lvgl\src\lv_draw\lv_draw_img.c">
      <Filter>lvgl\src\lv_draw</Filter>
    </ClCompile>
    <ClCompile Include="lvgl\src\lv_draw\lv_draw_label.c">
      <Filter>lvgl\src\lv_draw</Filter>
    </ClCompile>
    <ClCompile Include="lvgl\src\lv_draw\lv_draw_line.c">
      <Filter>lvgl\src\lv_draw</Filter>
    </ClCompile>
    <ClCompile Include="lvgl\src\lv_draw\lv_draw_mask.c">
      <Filter>lvgl\src\lv_draw</Filter>
    </ClCompile>
    <ClCompile Include="lvgl\src\lv_draw\lv_draw_rect.c">
      <Filter>lvgl\src\lv_draw</Filter>
    </ClCompile>
    <ClCompile Include="lvgl\src\lv_draw\lv_draw_triangle.c">
      <Filter>lvgl\src\lv_draw</Filter>
    </ClCompile>
    <ClCompile Include="lvgl\src\lv_draw\lv_img_buf.c">
      <Filter>lvgl\src\lv_draw</Filter>
    </ClCompile>
    <ClCompile Include="lvgl\src\lv_draw\lv_img_cache.c">
      <Filter>lvgl\src\lv_draw</Filter>
    </ClCompile>
    <ClCompile Include="lvgl\src\lv_draw\lv_img_decoder.c">
      <Filter>lvgl\src\lv_draw</Filter>
    </ClCompile>
    <ClCompile Include="lvgl\src\lv_font\lv_font.c">
      <Filter>lvgl\src\lv_font</Filter>
    </ClCompile>
    <ClCompile Include="lvgl\src\lv_font\lv_font_dejavu_16_persian_hebrew.c">
      <Filter>lvgl\src\lv_font</Filter>
    </ClCompile>
    <ClCompile Include="lvgl\src\lv_font\lv_font_fmt_txt.c">
      <Filter>lvgl\src\lv_font</Filter>
    </ClCompile>
    <ClCompile Include="lvgl\src\lv_font\lv_font_loader.c">
      <Filter>lvgl\src\lv_font</Filter>
    </ClCompile>
    <ClCompile Include="lvgl\src\lv_font\lv_font_montserrat_8.c">
      <Filter>lvgl\src\lv_font</Filter>
    </ClCompile>
    <ClCompile Include="lvgl\src\lv_font\lv_font_montserrat_10.c">
      <Filter>lvgl\src\lv_font</Filter>
    </ClCompile>
    <ClCompile Include="lvgl\src\lv_font\lv_font_montserrat_12.c">
      <Filter>lvgl\src\lv_font</Filter>
    </ClCompile>
    <ClCompile Include="lvgl\src\lv_font\lv_font_montserrat_12_subpx.c">
      <Filter>lvgl\src\lv_font</Filter>
    </ClCompile>
    <ClCompile Include="lvgl\src\lv_font\lv_font_montserrat_14.c">
      <Filter>lvgl\src\lv_font</Filter>
    </ClCompile>
    <ClCompile Include="lvgl\src\lv_font\lv_font_montserrat_16.c">
      <Filter>lvgl\src\lv_font</Filter>
    </ClCompile>
    <ClCompile Include="lvgl\src\lv_font\lv_font_montserrat_18.c">
      <Filter>lvgl\src\lv_font</Filter>
    </ClCompile>
    <ClCompile Include="lvgl\src\lv_font\lv_font_montserrat_20.c">
      <Filter>lvgl\src\lv_font</Filter>
    </ClCompile>
    <ClCompile Include="lvgl\src\lv_font\lv_font_montserrat_22.c">
      <Filter>lvgl\src\lv_font</Filter>
    </ClCompile>
    <ClCompile Include="lvgl\src\lv_font\lv_font_montserrat_24.c">
      <Filter>lvgl\src\lv_font</Filter>
    </ClCompile>
    <ClCompile Include="lvgl\src\lv_font\lv_font_montserrat_26.c">
      <Filter>lvgl\src\lv_font</Filter>
    </ClCompile>
    <ClCompile Include="lvgl\src\lv_font\lv_font_montserrat_28.c">
      <Filter>lvgl\src\lv_font</Filter>
    </ClCompile>
    <ClCompile Include="lvgl\src\lv_font\lv_font_montserrat_28_compressed.c">
      <Filter>lvgl\src\lv_font</Filter>
    </ClCompile>
    <ClCompile Include="lvgl\src\lv_font\lv_font_montserrat_30.c">
      <Filter>lvgl\src\lv_font</Filter>
    </ClCompile>
    <ClCompile Include="lvgl\src\lv_font\lv_font_montserrat_32.c">
      <Filter>lvgl\src\lv_font</Filter>
    </ClCompile>
    <ClCompile Include="lvgl\src\lv_font\lv_font_montserrat_34.c">
      <Filter>lvgl\src\lv_font</Filter>
    </ClCompile>
    <ClCompile Include="lvgl\src\lv_font\lv_font_montserrat_36.c">
      <Filter>lvgl\src\lv_font</Filter>
    </ClCompile>
    <ClCompile Include="lvgl\src\lv_font\lv_font_montserrat_38.c">
      <Filter>lvgl\src\lv_font</Filter>
    </ClCompile>
    <ClCompile Include="lvgl\src\lv_font\lv_font_montserrat_40.c">
      <Filter>lvgl\src\lv_font</Filter>
    </ClCompile>
    <ClCompile Include="lvgl\src\lv_font\lv_font_montserrat_42.c">
      <Filter>lvgl\src\lv_font</Filter>
    </ClCompile>
    <ClCompile Include="lvgl\src\lv_font\lv_font_montserrat_44.c">
      <Filter>lvgl\src\lv_font</Filter>
    </ClCompile>
    <ClCompile Include="lvgl\src\lv_font\lv_font_montserrat_46.c">
      <Filter>lvgl\src\lv_font</Filter>
    </ClCompile>
    <ClCompile Include="lvgl\src\lv_font\lv_font_montserrat_48.c">
      <Filter>lvgl\src\lv_font</Filter>
    </ClCompile>
    <ClCompile Include="lvgl\src\lv_font\lv_font_simsun_16_cjk.c">
      <Filter>lvgl\src\lv_font</Filter>
    </ClCompile>
    <ClCompile Include="lvgl\src\lv_font\lv_font_unscii_8.c">
      <Filter>lvgl\src\lv_font</Filter>
    </ClCompile>
    <ClCompile Include="lvgl\src\lv_font\lv_font_unscii_16.c">
      <Filter>lvgl\src\lv_font</Filter>
    </ClCompile>
    <ClCompile Include="lvgl\src\lv_gpu\lv_gpu_nxp_pxp.c">
      <Filter>lvgl\src\lv_gpu</Filter>
    </ClCompile>
    <ClCompile Include="lvgl\src\lv_gpu\lv_gpu_nxp_pxp_osa.c">
      <Filter>lvgl\src\lv_gpu</Filter>
    </ClCompile>
    <ClCompile Include="lvgl\src\lv_gpu\lv_gpu_nxp_vglite.c">
      <Filter>lvgl\src\lv_gpu</Filter>
    </ClCompile>
    <ClCompile Include="lvgl\src\lv_gpu\lv_gpu_stm32_dma2d.c">
      <Filter>lvgl\src\lv_gpu</Filter>
    </ClCompile>
    <ClCompile Include="lvgl\src\lv_hal\lv_hal_disp.c">
      <Filter>lvgl\src\lv_hal</Filter>
    </ClCompile>
    <ClCompile Include="lvgl\src\lv_hal\lv_hal_indev.c">
      <Filter>lvgl\src\lv_hal</Filter>
    </ClCompile>
    <ClCompile Include="lvgl\src\lv_hal\lv_hal_tick.c">
      <Filter>lvgl\src\lv_hal</Filter>
    </ClCompile>
    <ClCompile Include="lvgl\src\lv_misc\lv_anim.c">
      <Filter>lvgl\src\lv_misc</Filter>
    </ClCompile>
    <ClCompile Include="lvgl\src\lv_misc\lv_area.c">
      <Filter>lvgl\src\lv_misc</Filter>
    </ClCompile>
    <ClCompile Include="lvgl\src\lv_misc\lv_async.c">
      <Filter>lvgl\src\lv_misc</Filter>
    </ClCompile>
    <ClCompile Include="lvgl\src\lv_misc\lv_bidi.c">
      <Filter>lvgl\src\lv_misc</Filter>
    </ClCompile>
    <ClCompile Include="lvgl\src\lv_misc\lv_color.c">
      <Filter>lvgl\src\lv_misc</Filter>
    </ClCompile>
    <ClCompile Include="lvgl\src\lv_misc\lv_debug.c">
      <Filter>lvgl\src\lv_misc</Filter>
    </ClCompile>
    <ClCompile Include="lvgl\src\lv_misc\lv_fs.c">
      <Filter>lvgl\src\lv_misc</Filter>
    </ClCompile>
    <ClCompile Include="lvgl\src\lv_misc\lv_gc.c">
      <Filter>lvgl\src\lv_misc</Filter>
    </ClCompile>
    <ClCompile Include="lvgl\src\lv_misc\lv_ll.c">
      <Filter>lvgl\src\lv_misc</Filter>
    </ClCompile>
    <ClCompile Include="lvgl\src\lv_misc\lv_log.c">
      <Filter>lvgl\src\lv_misc</Filter>
    </ClCompile>
    <ClCompile Include="lvgl\src\lv_misc\lv_math.c">
      <Filter>lvgl\src\lv_misc</Filter>
    </ClCompile>
    <ClCompile Include="lvgl\src\lv_misc\lv_mem.c">
      <Filter>lvgl\src\lv_misc</Filter>
    </ClCompile>
    <ClCompile Include="lvgl\src\lv_misc\lv_printf.c">
      <Filter>lvgl\src\lv_misc</Filter>
    </ClCompile>
    <ClCompile Include="lvgl\src\lv_misc\lv_task.c">
      <Filter>lvgl\src\lv_misc</Filter>
    </ClCompile>
    <ClCompile Include="lvgl\src\lv_misc\lv_templ.c">
      <Filter>lvgl\src\lv_misc</Filter>
    </ClCompile>
    <ClCompile Include="lvgl\src\lv_misc\lv_txt.c">
      <Filter>lvgl\src\lv_misc</Filter>
    </ClCompile>
    <ClCompile Include="lvgl\src\lv_misc\lv_txt_ap.c">
      <Filter>lvgl\src\lv_misc</Filter>
    </ClCompile>
    <ClCompile Include="lvgl\src\lv_misc\lv_utils.c">
      <Filter>lvgl\src\lv_misc</Filter>
    </ClCompile>
    <ClCompile Include="lvgl\src\lv_themes\lv_theme.c">
      <Filter>lvgl\src\lv_themes</Filter>
    </ClCompile>
    <ClCompile Include="lvgl\src\lv_themes\lv_theme_empty.c">
      <Filter>lvgl\src\lv_themes</Filter>
    </ClCompile>
    <ClCompile Include="lvgl\src\lv_themes\lv_theme_material.c">
      <Filter>lvgl\src\lv_themes</Filter>
    </ClCompile>
    <ClCompile Include="lvgl\src\lv_themes\lv_theme_mono.c">
      <Filter>lvgl\src\lv_themes</Filter>
    </ClCompile>
    <ClCompile Include="lvgl\src\lv_themes\lv_theme_template.c">
      <Filter>lvgl\src\lv_themes</Filter>
    </ClCompile>
    <ClCompile Include="lvgl\src\lv_widgets\lv_arc.c">
      <Filter>lvgl\src\lv_widgets</Filter>
    </ClCompile>
    <ClCompile Include="lvgl\src\lv_widgets\lv_bar.c">
      <Filter>lvgl\src\lv_widgets</Filter>
    </ClCompile>
    <ClCompile Include="lvgl\src\lv_widgets\lv_btn.c">
      <Filter>lvgl\src\lv_widgets</Filter>
    </ClCompile>
    <ClCompile Include="lvgl\src\lv_widgets\lv_btnmatrix.c">
      <Filter>lvgl\src\lv_widgets</Filter>
    </ClCompile>
    <ClCompile Include="lvgl\src\lv_widgets\lv_calendar.c">
      <Filter>lvgl\src\lv_widgets</Filter>
    </ClCompile>
    <ClCompile Include="lvgl\src\lv_widgets\lv_canvas.c">
      <Filter>lvgl\src\lv_widgets</Filter>
    </ClCompile>
    <ClCompile Include="lvgl\src\lv_widgets\lv_chart.c">
      <Filter>lvgl\src\lv_widgets</Filter>
    </ClCompile>
    <ClCompile Include="lvgl\src\lv_widgets\lv_checkbox.c">
      <Filter>lvgl\src\lv_widgets</Filter>
    </ClCompile>
    <ClCompile Include="lvgl\src\lv_widgets\lv_cont.c">
      <Filter>lvgl\src\lv_widgets</Filter>
    </ClCompile>
    <ClCompile Include="lvgl\src\lv_widgets\lv_cpicker.c">
      <Filter>lvgl\src\lv_widgets</Filter>
    </ClCompile>
    <ClCompile Include="lvgl\src\lv_widgets\lv_dropdown.c">
      <Filter>lvgl\src\lv_widgets</Filter>
    </ClCompile>
    <ClCompile Include="lvgl\src\lv_widgets\lv_gauge.c">
      <Filter>lvgl\src\lv_widgets</Filter>
    </ClCompile>
    <ClCompile Include="lvgl\src\lv_widgets\lv_img.c">
      <Filter>lvgl\src\lv_widgets</Filter>
    </ClCompile>
    <ClCompile Include="lvgl\src\lv_widgets\lv_imgbtn.c">
      <Filter>lvgl\src\lv_widgets</Filter>
    </ClCompile>
    <ClCompile Include="lvgl\src\lv_widgets\lv_keyboard.c">
      <Filter>lvgl\src\lv_widgets</Filter>
    </ClCompile>
    <ClCompile Include="lvgl\src\lv_widgets\lv_label.c">
      <Filter>lvgl\src\lv_widgets</Filter>
    </ClCompile>
    <ClCompile Include="lvgl\src\lv_widgets\lv_led.c">
      <Filter>lvgl\src\lv_widgets</Filter>
    </ClCompile>
    <ClCompile Include="lvgl\src\lv_widgets\lv_line.c">
      <Filter>lvgl\src\lv_widgets</Filter>
    </ClCompile>
    <ClCompile Include="lvgl\src\lv_widgets\lv_linemeter.c">
      <Filter>lvgl\src\lv_widgets</Filter>
    </ClCompile>
    <ClCompile Include="lvgl\src\lv_widgets\lv_list.c">
      <Filter>lvgl\src\lv_widgets</Filter>
    </ClCompile>
    <ClCompile Include="lvgl\src\lv_widgets\lv_msgbox.c">
      <Filter>lvgl\src\lv_widgets</Filter>
    </ClCompile>
    <ClCompile Include="lvgl\src\lv_widgets\lv_objmask.c">
      <Filter>lvgl\src\lv_widgets</Filter>
    </ClCompile>
    <ClCompile Include="lvgl\src\lv_widgets\lv_objx_templ.c">
      <Filter>lvgl\src\lv_widgets</Filter>
    </ClCompile>
    <ClCompile Include="lvgl\src\lv_widgets\lv_page.c">
      <Filter>lvgl\src\lv_widgets</Filter>
    </ClCompile>
    <ClCompile Include="lvgl\src\lv_widgets\lv_roller.c">
      <Filter>lvgl\src\lv_widgets</Filter>
    </ClCompile>
    <ClCompile Include="lvgl\src\lv_widgets\lv_slider.c">
      <Filter>lvgl\src\lv_widgets</Filter>
    </ClCompile>
    <ClCompile Include="lvgl\src\lv_widgets\lv_spinbox.c">
      <Filter>lvgl\src\lv_widgets</Filter>
    </ClCompile>
    <ClCompile Include="lvgl\src\lv_widgets\lv_spinner.c">
      <Filter>lvgl\src\lv_widgets</Filter>
    </ClCompile>
    <ClCompile Include="lvgl\src\lv_widgets\lv_switch.c">
      <Filter>lvgl\src\lv_widgets</Filter>
    </ClCompile>
    <ClCompile Include="lvgl\src\lv_widgets\lv_table.c">
      <Filter>lvgl\src\lv_widgets</Filter>
    </ClCompile>
    <ClCompile Include="lvgl\src\lv_widgets\lv_tabview.c">
      <Filter>lvgl\src\lv_widgets</Filter>
    </ClCompile>
    <ClCompile Include="lvgl\src\lv_widgets\lv_textarea.c">
      <Filter>lvgl\src\lv_widgets</Filter>
    </ClCompile>
    <ClCompile Include="lvgl\src\lv_widgets\lv_tileview.c">
      <Filter>lvgl\src\lv_widgets</Filter>
    </ClCompile>
    <ClCompile Include="lvgl\src\lv_widgets\lv_win.c">
      <Filter>lvgl\src\lv_widgets</Filter>
    </ClCompile>
  </ItemGroup>
  <ItemGroup>
    <Filter Include="lvgl">
      <UniqueIdentifier>{dff3d985-1163-4e51-8fbf-4396c52f414a}</UniqueIdentifier>
    </Filter>
    <Filter Include="lvgl\src">
      <UniqueIdentifier>{446ba72c-2255-48dd-9558-796c0a638df5}</UniqueIdentifier>
    </Filter>
    <Filter Include="lvgl\src\lv_core">
      <UniqueIdentifier>{70de05d9-307d-44f1-9826-df98735b014a}</UniqueIdentifier>
    </Filter>
    <Filter Include="lvgl\src\lv_draw">
      <UniqueIdentifier>{0e8c387d-fbf7-4631-a176-6e22f47be917}</UniqueIdentifier>
    </Filter>
    <Filter Include="lvgl\src\lv_font">
      <UniqueIdentifier>{afc07cce-2f18-4684-a86d-38cd2b73b2ae}</UniqueIdentifier>
    </Filter>
    <Filter Include="lvgl\src\lv_gpu">
      <UniqueIdentifier>{0db6356e-f439-44d8-89ec-2ff5416eb4d9}</UniqueIdentifier>
    </Filter>
    <Filter Include="lvgl\src\lv_hal">
      <UniqueIdentifier>{af7e808a-3cf0-4c0f-a950-8c0aee6975b1}</UniqueIdentifier>
    </Filter>
    <Filter Include="lvgl\src\lv_misc">
      <UniqueIdentifier>{42ff2205-b781-484a-b99b-229b777ace7a}</UniqueIdentifier>
    </Filter>
    <Filter Include="lvgl\src\lv_themes">
      <UniqueIdentifier>{71def621-15c5-41d9-bd9b-011e8ad265d9}</UniqueIdentifier>
    </Filter>
    <Filter Include="lvgl\src\lv_widgets">
      <UniqueIdentifier>{867d8097-afa3-440c-821d-98bcfe5fe6f3}</UniqueIdentifier>
    </Filter>
  </ItemGroup>
  <ItemGroup>
    <None Include="LVGL.Core.props" />
  </ItemGroup>
</Project>