
Microsoft Visual Studio Solution File, Format Version 12.00
# Visual Studio Version 17
VisualStudioVersion = 17.8.34511.84
MinimumVisualStudioVersion = 10.0.40219.1
Project("{9A19103F-16F7-4668-BE54-9A1E7A4F7556}") = "LvglProjectFileUpdater", "LvglProjectFileUpdater\LvglProjectFileUpdater.csproj", "{23084A8F-78FA-4023-AC3C-6F5C98EFE9CC}"
EndProject
Project("{FAE04EC0-301F-11D3-BF4B-00C04F79EFBC}") = "Lvgl.Build.Tasks", "Lvgl.Build.Tasks\Lvgl.Build.Tasks.csproj", "{E289EA4F-7C1B-4B9D-B6C0-E2133C75364A}"
EndProject
Global
	GlobalSection(SolutionConfigurationPlatforms) = preSolution
		Debug|Any CPU = Debug|Any CPU
		Release|Any CPU = Release|Any CPU
	EndGlobalSection
	GlobalSection(ProjectConfigurationPlatforms) = postSolution
		{23084A8F-78FA-4023-AC3C-6F5C98EFE9CC}.Debug|Any CPU.ActiveCfg = Debug|Any CPU
		{23084A8F-78FA-4023-AC3C-6F5C98EFE9CC}.Debug|Any CPU.Build.0 = Debug|Any CPU
		{23084A8F-78FA-4023-AC3C-6F5C98EFE9CC}.Release|Any CPU.ActiveCfg = Release|Any CPU
		{23084A8F-78FA-4023-AC3C-6F5C98EFE9CC}.Release|Any CPU.Build.0 = Release|Any CPU
		{E289EA4F-7C1B-4B9D-B6C0-E2133C75364A}.Debug|Any CPU.ActiveCfg = Debug|Any CPU
		{E289EA4F-7C1B-4B9D-B6C0-E2133C75364A}.Debug|Any CPU.Build.0 = Debug|Any CPU
		{E289EA4F-7C1B-4B9D-B6C0-E2133C75364A}.Release|Any CPU.ActiveCfg = Release|Any CPU
		{E289EA4F-7C1B-4B9D-B6C0-E2133C75364A}.Release|Any CPU.Build.0 = Release|Any CPU
	EndGlobalSection
	GlobalSection(SolutionProperties) = preSolution
		HideSolutionNode = FALSE
	EndGlobalSection
	GlobalSection(ExtensibilityGlobals) = postSolution
		SolutionGuid = {8C2DB2EC-CAD4-45AE-8775-3E479D23F420}
	EndGlobalSection
EndGlobal
