
Microsoft Visual Studio Solution File, Format Version 12.00
# Visual Studio Version 17
VisualStudioVersion = 17.7.34009.444
MinimumVisualStudioVersion = 10.0.40219.1
Project("{8BC9CEB8-8B4A-11D0-8D11-00A0C91BC942}") = "LVGL.Simulator", "LVGL.Simulator\LVGL.Simulator.vcxproj", "{3CA6E070-4AC1-475E-BB17-CF29AE4806DF}"
EndProject
Project("{9A19103F-16F7-4668-BE54-9A1E7A4F7556}") = "LvglProjectFileUpdater", "LvglProjectFileUpdater\LvglProjectFileUpdater.csproj", "{88C97F6E-1F7B-4C47-9E78-0673FD30F9B7}"
EndProject
Global
	GlobalSection(SolutionConfigurationPlatforms) = preSolution
		Debug|ARM64 = Debug|ARM64
		Debug|x64 = Debug|x64
		Debug|x86 = Debug|x86
		Release|ARM64 = Release|ARM64
		Release|x64 = Release|x64
		Release|x86 = Release|x86
	EndGlobalSection
	GlobalSection(ProjectConfigurationPlatforms) = postSolution
		{3CA6E070-4AC1-475E-BB17-CF29AE4806DF}.Debug|ARM64.ActiveCfg = Debug|ARM64
		{3CA6E070-4AC1-475E-BB17-CF29AE4806DF}.Debug|ARM64.Build.0 = Debug|ARM64
		{3CA6E070-4AC1-475E-BB17-CF29AE4806DF}.Debug|x64.ActiveCfg = Debug|x64
		{3CA6E070-4AC1-475E-BB17-CF29AE4806DF}.Debug|x64.Build.0 = Debug|x64
		{3CA6E070-4AC1-475E-BB17-CF29AE4806DF}.Debug|x86.ActiveCfg = Debug|Win32
		{3CA6E070-4AC1-475E-BB17-CF29AE4806DF}.Debug|x86.Build.0 = Debug|Win32
		{3CA6E070-4AC1-475E-BB17-CF29AE4806DF}.Release|ARM64.ActiveCfg = Release|ARM64
		{3CA6E070-4AC1-475E-BB17-CF29AE4806DF}.Release|ARM64.Build.0 = Release|ARM64
		{3CA6E070-4AC1-475E-BB17-CF29AE4806DF}.Release|x64.ActiveCfg = Release|x64
		{3CA6E070-4AC1-475E-BB17-CF29AE4806DF}.Release|x64.Build.0 = Release|x64
		{3CA6E070-4AC1-475E-BB17-CF29AE4806DF}.Release|x86.ActiveCfg = Release|Win32
		{3CA6E070-4AC1-475E-BB17-CF29AE4806DF}.Release|x86.Build.0 = Release|Win32
		{88C97F6E-1F7B-4C47-9E78-0673FD30F9B7}.Debug|ARM64.ActiveCfg = Debug|Any CPU
		{88C97F6E-1F7B-4C47-9E78-0673FD30F9B7}.Debug|x64.ActiveCfg = Debug|Any CPU
		{88C97F6E-1F7B-4C47-9E78-0673FD30F9B7}.Debug|x64.Build.0 = Debug|Any CPU
		{88C97F6E-1F7B-4C47-9E78-0673FD30F9B7}.Debug|x86.ActiveCfg = Debug|Any CPU
		{88C97F6E-1F7B-4C47-9E78-0673FD30F9B7}.Release|ARM64.ActiveCfg = Release|Any CPU
		{88C97F6E-1F7B-4C47-9E78-0673FD30F9B7}.Release|x64.ActiveCfg = Release|Any CPU
		{88C97F6E-1F7B-4C47-9E78-0673FD30F9B7}.Release|x64.Build.0 = Release|Any CPU
		{88C97F6E-1F7B-4C47-9E78-0673FD30F9B7}.Release|x86.ActiveCfg = Release|Any CPU
	EndGlobalSection
	GlobalSection(SolutionProperties) = preSolution
		HideSolutionNode = FALSE
	EndGlobalSection
	GlobalSection(ExtensibilityGlobals) = postSolution
		SolutionGuid = {F07B2868-97B2-414D-A20F-85B77051DE80}
	EndGlobalSection
EndGlobal
