
Microsoft Visual Studio Solution File, Format Version 12.00
# Visual Studio Version 17
VisualStudioVersion = 17.6.33717.318
MinimumVisualStudioVersion = 10.0.40219.1
Project("{8BC9CEB8-8B4A-11D0-8D11-00A0C91BC942}") = "LvglWindowsSimulator", "LvglWindowsSimulator\LvglWindowsSimulator.vcxproj", "{3CA6E070-4AC1-475E-BB17-CF29AE4806DF}"
EndProject
Project("{8BC9CEB8-8B4A-11D0-8D11-00A0C91BC942}") = "LvglWindowsDesktopApplication", "LvglWindowsDesktopApplication\LvglWindowsDesktopApplication.vcxproj", "{7148D2C8-4594-4054-95F2-6211DA069D8F}"
EndProject
Project("{8BC9CEB8-8B4A-11D0-8D11-00A0C91BC942}") = "LvglWindows", "LvglWindows\LvglWindows.vcxproj", "{D574F328-06DA-47AC-9B03-EE01D22C070B}"
	ProjectSection(ProjectDependencies) = postProject
		{D7A206A8-0825-4E30-8C28-6DCB817917E0} = {D7A206A8-0825-4E30-8C28-6DCB817917E0}
	EndProjectSection
EndProject
Project("{8BC9CEB8-8B4A-11D0-8D11-00A0C91BC942}") = "LvglWindowsStatic", "LvglWindows\LvglWindowsStatic.vcxproj", "{D7A206A8-0825-4E30-8C28-6DCB817917E0}"
EndProject
Global
	GlobalSection(SolutionConfigurationPlatforms) = preSolution
		Debug|ARM64 = Debug|ARM64
		Debug|x64 = Debug|x64
		Debug|x86 = Debug|x86
		Release|ARM64 = Release|ARM64
		Release|x64 = Release|x64
		Release|x86 = Release|x86
	EndGlobalSection
	GlobalSection(ProjectConfigurationPlatforms) = postSolution
		{3CA6E070-4AC1-475E-BB17-CF29AE4806DF}.Debug|ARM64.ActiveCfg = Debug|ARM64
		{3CA6E070-4AC1-475E-BB17-CF29AE4806DF}.Debug|ARM64.Build.0 = Debug|ARM64
		{3CA6E070-4AC1-475E-BB17-CF29AE4806DF}.Debug|x64.ActiveCfg = Debug|x64
		{3CA6E070-4AC1-475E-BB17-CF29AE4806DF}.Debug|x64.Build.0 = Debug|x64
		{3CA6E070-4AC1-475E-BB17-CF29AE4806DF}.Debug|x86.ActiveCfg = Debug|Win32
		{3CA6E070-4AC1-475E-BB17-CF29AE4806DF}.Debug|x86.Build.0 = Debug|Win32
		{3CA6E070-4AC1-475E-BB17-CF29AE4806DF}.Release|ARM64.ActiveCfg = Release|ARM64
		{3CA6E070-4AC1-475E-BB17-CF29AE4806DF}.Release|ARM64.Build.0 = Release|ARM64
		{3CA6E070-4AC1-475E-BB17-CF29AE4806DF}.Release|x64.ActiveCfg = Release|x64
		{3CA6E070-4AC1-475E-BB17-CF29AE4806DF}.Release|x64.Build.0 = Release|x64
		{3CA6E070-4AC1-475E-BB17-CF29AE4806DF}.Release|x86.ActiveCfg = Release|Win32
		{3CA6E070-4AC1-475E-BB17-CF29AE4806DF}.Release|x86.Build.0 = Release|Win32
		{7148D2C8-4594-4054-95F2-6211DA069D8F}.Debug|ARM64.ActiveCfg = Debug|ARM64
		{7148D2C8-4594-4054-95F2-6211DA069D8F}.Debug|ARM64.Build.0 = Debug|ARM64
		{7148D2C8-4594-4054-95F2-6211DA069D8F}.Debug|x64.ActiveCfg = Debug|x64
		{7148D2C8-4594-4054-95F2-6211DA069D8F}.Debug|x64.Build.0 = Debug|x64
		{7148D2C8-4594-4054-95F2-6211DA069D8F}.Debug|x86.ActiveCfg = Debug|Win32
		{7148D2C8-4594-4054-95F2-6211DA069D8F}.Debug|x86.Build.0 = Debug|Win32
		{7148D2C8-4594-4054-95F2-6211DA069D8F}.Release|ARM64.ActiveCfg = Release|ARM64
		{7148D2C8-4594-4054-95F2-6211DA069D8F}.Release|ARM64.Build.0 = Release|ARM64
		{7148D2C8-4594-4054-95F2-6211DA069D8F}.Release|x64.ActiveCfg = Release|x64
		{7148D2C8-4594-4054-95F2-6211DA069D8F}.Release|x64.Build.0 = Release|x64
		{7148D2C8-4594-4054-95F2-6211DA069D8F}.Release|x86.ActiveCfg = Release|Win32
		{7148D2C8-4594-4054-95F2-6211DA069D8F}.Release|x86.Build.0 = Release|Win32
		{D574F328-06DA-47AC-9B03-EE01D22C070B}.Debug|ARM64.ActiveCfg = Debug|ARM64
		{D574F328-06DA-47AC-9B03-EE01D22C070B}.Debug|ARM64.Build.0 = Debug|ARM64
		{D574F328-06DA-47AC-9B03-EE01D22C070B}.Debug|x64.ActiveCfg = Debug|x64
		{D574F328-06DA-47AC-9B03-EE01D22C070B}.Debug|x64.Build.0 = Debug|x64
		{D574F328-06DA-47AC-9B03-EE01D22C070B}.Debug|x86.ActiveCfg = Debug|Win32
		{D574F328-06DA-47AC-9B03-EE01D22C070B}.Debug|x86.Build.0 = Debug|Win32
		{D574F328-06DA-47AC-9B03-EE01D22C070B}.Release|ARM64.ActiveCfg = Release|ARM64
		{D574F328-06DA-47AC-9B03-EE01D22C070B}.Release|ARM64.Build.0 = Release|ARM64
		{D574F328-06DA-47AC-9B03-EE01D22C070B}.Release|x64.ActiveCfg = Release|x64
		{D574F328-06DA-47AC-9B03-EE01D22C070B}.Release|x64.Build.0 = Release|x64
		{D574F328-06DA-47AC-9B03-EE01D22C070B}.Release|x86.ActiveCfg = Release|Win32
		{D574F328-06DA-47AC-9B03-EE01D22C070B}.Release|x86.Build.0 = Release|Win32
		{D7A206A8-0825-4E30-8C28-6DCB817917E0}.Debug|ARM64.ActiveCfg = Debug|ARM64
		{D7A206A8-0825-4E30-8C28-6DCB817917E0}.Debug|ARM64.Build.0 = Debug|ARM64
		{D7A206A8-0825-4E30-8C28-6DCB817917E0}.Debug|x64.ActiveCfg = Debug|x64
		{D7A206A8-0825-4E30-8C28-6DCB817917E0}.Debug|x64.Build.0 = Debug|x64
		{D7A206A8-0825-4E30-8C28-6DCB817917E0}.Debug|x86.ActiveCfg = Debug|Win32
		{D7A206A8-0825-4E30-8C28-6DCB817917E0}.Debug|x86.Build.0 = Debug|Win32
		{D7A206A8-0825-4E30-8C28-6DCB817917E0}.Release|ARM64.ActiveCfg = Release|ARM64
		{D7A206A8-0825-4E30-8C28-6DCB817917E0}.Release|ARM64.Build.0 = Release|ARM64
		{D7A206A8-0825-4E30-8C28-6DCB817917E0}.Release|x64.ActiveCfg = Release|x64
		{D7A206A8-0825-4E30-8C28-6DCB817917E0}.Release|x64.Build.0 = Release|x64
		{D7A206A8-0825-4E30-8C28-6DCB817917E0}.Release|x86.ActiveCfg = Release|Win32
		{D7A206A8-0825-4E30-8C28-6DCB817917E0}.Release|x86.Build.0 = Release|Win32
	EndGlobalSection
	GlobalSection(SolutionProperties) = preSolution
		HideSolutionNode = FALSE
	EndGlobalSection
	GlobalSection(ExtensibilityGlobals) = postSolution
		SolutionGuid = {F07B2868-97B2-414D-A20F-85B77051DE80}
	EndGlobalSection
EndGlobal
