<?xml version="1.0" encoding="utf-8"?>
<Project ToolsVersion="4.0" xmlns="http://schemas.microsoft.com/developer/msbuild/2003">
  <ItemGroup>
    <Filter Include="lv_drivers">
      <UniqueIdentifier>{e47613a2-0002-478b-995f-75d0fd25c469}</UniqueIdentifier>
    </Filter>
    <Filter Include="lv_drivers\.github">
      <UniqueIdentifier>{1cb74ed6-1f4f-4f79-943e-fa985f8cbaf7}</UniqueIdentifier>
    </Filter>
    <Filter Include="lv_drivers\display">
      <UniqueIdentifier>{7173de5c-516c-4cce-8a3a-59953fff8507}</UniqueIdentifier>
    </Filter>
    <Filter Include="lv_drivers\docs">
      <UniqueIdentifier>{b8da0881-3566-448d-8d66-ed1304d5dc35}</UniqueIdentifier>
    </Filter>
    <Filter Include="lv_drivers\gtkdrv">
      <UniqueIdentifier>{49c6b006-8444-4396-8f01-9b1b2eac0bb4}</UniqueIdentifier>
    </Filter>
    <Filter Include="lv_drivers\indev">
      <UniqueIdentifier>{428aedd9-54c3-4c0a-9563-952242395293}</UniqueIdentifier>
    </Filter>
    <Filter Include="lv_drivers\sdl">
      <UniqueIdentifier>{82d86525-d37e-4cb2-b9ac-6b8b00d40963}</UniqueIdentifier>
    </Filter>
    <Filter Include="lv_drivers\wayland">
      <UniqueIdentifier>{d4de357c-e6bd-48a4-a25b-26eb0f20b8a0}</UniqueIdentifier>
    </Filter>
    <Filter Include="lv_drivers\win32drv">
      <UniqueIdentifier>{98cc91d3-7819-4a97-8692-6faa955cb8f1}</UniqueIdentifier>
    </Filter>
  </ItemGroup>
  <ItemGroup>
    <ClInclude Include="lv_drivers\display\drm.h">
      <Filter>lv_drivers\display</Filter>
    </ClInclude>
    <ClInclude Include="lv_drivers\display\fbdev.h">
      <Filter>lv_drivers\display</Filter>
    </ClInclude>
    <ClInclude Include="lv_drivers\display\GC9A01.h">
      <Filter>lv_drivers\display</Filter>
    </ClInclude>
    <ClInclude Include="lv_drivers\display\ILI9341.h">
      <Filter>lv_drivers\display</Filter>
    </ClInclude>
    <ClInclude Include="lv_drivers\display\monitor.h">
      <Filter>lv_drivers\display</Filter>
    </ClInclude>
    <ClInclude Include="lv_drivers\display\R61581.h">
      <Filter>lv_drivers\display</Filter>
    </ClInclude>
    <ClInclude Include="lv_drivers\display\SHARP_MIP.h">
      <Filter>lv_drivers\display</Filter>
    </ClInclude>
    <ClInclude Include="lv_drivers\display\SSD1963.h">
      <Filter>lv_drivers\display</Filter>
    </ClInclude>
    <ClInclude Include="lv_drivers\display\ST7565.h">
      <Filter>lv_drivers\display</Filter>
    </ClInclude>
    <ClInclude Include="lv_drivers\display\UC1610.h">
      <Filter>lv_drivers\display</Filter>
    </ClInclude>
    <ClInclude Include="lv_drivers\gtkdrv\gtkdrv.h">
      <Filter>lv_drivers\gtkdrv</Filter>
    </ClInclude>
    <ClInclude Include="lv_drivers\indev\AD_touch.h">
      <Filter>lv_drivers\indev</Filter>
    </ClInclude>
    <ClInclude Include="lv_drivers\indev\evdev.h">
      <Filter>lv_drivers\indev</Filter>
    </ClInclude>
    <ClInclude Include="lv_drivers\indev\FT5406EE8.h">
      <Filter>lv_drivers\indev</Filter>
    </ClInclude>
    <ClInclude Include="lv_drivers\indev\keyboard.h">
      <Filter>lv_drivers\indev</Filter>
    </ClInclude>
    <ClInclude Include="lv_drivers\indev\libinput_drv.h">
      <Filter>lv_drivers\indev</Filter>
    </ClInclude>
    <ClInclude Include="lv_drivers\indev\mouse.h">
      <Filter>lv_drivers\indev</Filter>
    </ClInclude>
    <ClInclude Include="lv_drivers\indev\mousewheel.h">
      <Filter>lv_drivers\indev</Filter>
    </ClInclude>
    <ClInclude Include="lv_drivers\indev\xkb.h">
      <Filter>lv_drivers\indev</Filter>
    </ClInclude>
    <ClInclude Include="lv_drivers\indev\XPT2046.h">
      <Filter>lv_drivers\indev</Filter>
    </ClInclude>
    <ClInclude Include="lv_drivers\sdl\sdl.h">
      <Filter>lv_drivers\sdl</Filter>
    </ClInclude>
    <ClInclude Include="lv_drivers\sdl\sdl_gpu.h">
      <Filter>lv_drivers\sdl</Filter>
    </ClInclude>
    <ClInclude Include="lv_drivers\wayland\wayland.h">
      <Filter>lv_drivers\wayland</Filter>
    </ClInclude>
    <ClInclude Include="lv_drivers\win32drv\win32drv.h">
      <Filter>lv_drivers\win32drv</Filter>
    </ClInclude>
    <ClInclude Include="lv_drivers\lv_drv_conf_template.h">
      <Filter>lv_drivers</Filter>
    </ClInclude>
    <ClInclude Include="lv_drivers\win_drv.h">
      <Filter>lv_drivers</Filter>
    </ClInclude>
  </ItemGroup>
  <ItemGroup>
    <ClCompile Include="lv_drivers\display\drm.c">
      <Filter>lv_drivers\display</Filter>
    </ClCompile>
    <ClCompile Include="lv_drivers\display\fbdev.c">
      <Filter>lv_drivers\display</Filter>
    </ClCompile>
    <ClCompile Include="lv_drivers\display\GC9A01.c">
      <Filter>lv_drivers\display</Filter>
    </ClCompile>
    <ClCompile Include="lv_drivers\display\ILI9341.c">
      <Filter>lv_drivers\display</Filter>
    </ClCompile>
    <ClCompile Include="lv_drivers\display\R61581.c">
      <Filter>lv_drivers\display</Filter>
    </ClCompile>
    <ClCompile Include="lv_drivers\display\SHARP_MIP.c">
      <Filter>lv_drivers\display</Filter>
    </ClCompile>
    <ClCompile Include="lv_drivers\display\SSD1963.c">
      <Filter>lv_drivers\display</Filter>
    </ClCompile>
    <ClCompile Include="lv_drivers\display\ST7565.c">
      <Filter>lv_drivers\display</Filter>
    </ClCompile>
    <ClCompile Include="lv_drivers\display\UC1610.c">
      <Filter>lv_drivers\display</Filter>
    </ClCompile>
    <ClCompile Include="lv_drivers\gtkdrv\gtkdrv.c">
      <Filter>lv_drivers\gtkdrv</Filter>
    </ClCompile>
    <ClCompile Include="lv_drivers\indev\AD_touch.c">
      <Filter>lv_drivers\indev</Filter>
    </ClCompile>
    <ClCompile Include="lv_drivers\indev\evdev.c">
      <Filter>lv_drivers\indev</Filter>
    </ClCompile>
    <ClCompile Include="lv_drivers\indev\FT5406EE8.c">
      <Filter>lv_drivers\indev</Filter>
    </ClCompile>
    <ClCompile Include="lv_drivers\indev\libinput.c">
      <Filter>lv_drivers\indev</Filter>
    </ClCompile>
    <ClCompile Include="lv_drivers\indev\xkb.c">
      <Filter>lv_drivers\indev</Filter>
    </ClCompile>
    <ClCompile Include="lv_drivers\indev\XPT2046.c">
      <Filter>lv_drivers\indev</Filter>
    </ClCompile>
    <ClCompile Include="lv_drivers\sdl\sdl.c">
      <Filter>lv_drivers\sdl</Filter>
    </ClCompile>
    <ClCompile Include="lv_drivers\sdl\sdl_gpu.c">
      <Filter>lv_drivers\sdl</Filter>
    </ClCompile>
    <ClCompile Include="lv_drivers\wayland\wayland.c">
      <Filter>lv_drivers\wayland</Filter>
    </ClCompile>
    <ClCompile Include="lv_drivers\win32drv\win32drv.c">
      <Filter>lv_drivers\win32drv</Filter>
    </ClCompile>
    <ClCompile Include="lv_drivers\win_drv.c">
      <Filter>lv_drivers</Filter>
    </ClCompile>
  </ItemGroup>
  <ItemGroup>
    <None Include="lv_drivers\.github\auto-comment.yml">
      <Filter>lv_drivers\.github</Filter>
    </None>
    <None Include="lv_drivers\.github\stale.yml">
      <Filter>lv_drivers\.github</Filter>
    </None>
    <None Include="lv_drivers\docs\astyle_c">
      <Filter>lv_drivers\docs</Filter>
    </None>
    <None Include="lv_drivers\docs\astyle_h">
      <Filter>lv_drivers\docs</Filter>
    </None>
    <None Include="lv_drivers\gtkdrv\broadway.png">
      <Filter>lv_drivers\gtkdrv</Filter>
    </None>
    <None Include="lv_drivers\gtkdrv\README.md">
      <Filter>lv_drivers\gtkdrv</Filter>
    </None>
    <None Include="lv_drivers\wayland\README.md">
      <Filter>lv_drivers\wayland</Filter>
    </None>
    <None Include="lv_drivers\.git">
      <Filter>lv_drivers</Filter>
    </None>
    <None Include="lv_drivers\.gitignore">
      <Filter>lv_drivers</Filter>
    </None>
    <None Include="lv_drivers\CMakeLists.txt">
      <Filter>lv_drivers</Filter>
    </None>
    <None Include="lv_drivers\library.json">
      <Filter>lv_drivers</Filter>
    </None>
    <None Include="lv_drivers\LICENSE">
      <Filter>lv_drivers</Filter>
    </None>
    <None Include="lv_drivers\lv_drivers.mk">
      <Filter>lv_drivers</Filter>
    </None>
    <None Include="lv_drivers\README.md">
      <Filter>lv_drivers</Filter>
    </None>
  </ItemGroup>
</Project>